{
    "allocine/twigcs": {
        "version": "v3.0.0"
    },
    "composer/ca-bundle": {
        "version": "1.1.0"
    },
    "composer/semver": {
        "version": "1.4.2"
    },
    "derrabus/composer-parameter-handler": {
        "version": "v2.1.3"
    },
    "fig/link-util": {
        "version": "1.0.0"
    },
    "friendsofphp/php-cs-fixer": {
        "version": "2.2",
        "recipe": {
            "repo": "github.com/symfony/recipes",
            "branch": "master",
            "version": "2.2",
            "ref": "bb31a3bbec00a8fc8aa1c9fbf9b0ef9fc492f93d"
        }
    },
    "fullpipe/twig-webpack-extension": {
        "version": "v2.0.1"
    },
    "gecko-packages/gecko-php-unit": {
        "version": "v3.1"
    },
    "giggsey/libphonenumber-for-php": {
        "version": "8.8.11"
    },
    "giggsey/locale": {
        "version": "1.4"
    },
    "guzzlehttp/guzzle": {
        "version": "6.3.0"
    },
    "guzzlehttp/promises": {
        "version": "v1.3.1"
    },
    "guzzlehttp/psr7": {
        "version": "1.4.2"
    },
    "keyvanakbary/slugifier": {
        "version": "v4.0.0"
    },
    "lin3s/cs": {
        "version": "v0.7.4"
    },
    "lin3s/distribution": {
        "version": "v4.3.0"
    },
    "lin3s/php-cs-fixer-config": {
        "version": "v1.0.2"
    },
    "lin3s/shared-kernel": {
        "version": "v0.6.0"
    },
    "monolog/monolog": {
        "version": "1.23.0"
    },
    "neronmoon/scriptsdev": {
        "version": "v0.1.1"
    },
    "paragonie/random_compat": {
        "version": "v2.0.11"
    },
    "pdepend/pdepend": {
        "version": "2.5.2"
    },
    "php-cs-fixer/diff": {
        "version": "v1.2.0"
    },
    "phpdocumentor/reflection-common": {
        "version": "1.0.1"
    },
    "phpdocumentor/reflection-docblock": {
        "version": "4.3.0"
    },
    "phpdocumentor/type-resolver": {
        "version": "0.4.0"
    },
    "phpmd/phpmd": {
        "version": "2.6.0"
    },
    "phpspec/php-diff": {
        "version": "v1.1.0"
    },
    "phpspec/phpspec": {
        "version": "4.3.0"
    },
    "phpspec/prophecy": {
        "version": "1.7.3"
    },
    "pimple/pimple": {
        "version": "v3.2.3"
    },
    "psr/cache": {
        "version": "1.0.1"
    },
    "psr/container": {
        "version": "1.0.0"
    },
    "psr/http-message": {
        "version": "1.0.1"
    },
    "psr/link": {
        "version": "1.0.0"
    },
    "psr/log": {
        "version": "1.0.2"
    },
    "psr/simple-cache": {
        "version": "1.0.0"
    },
    "ramsey/uuid": {
        "version": "3.7.3"
    },
    "sebastian/comparator": {
        "version": "2.1.2"
    },
    "sebastian/diff": {
        "version": "2.0.1"
    },
    "sebastian/exporter": {
        "version": "3.1.0"
    },
    "sebastian/recursion-context": {
        "version": "3.0.0"
    },
    "sensio/distribution-bundle": {
        "version": "v5.0.21"
    },
    "sensiolabs/security-checker": {
        "version": "4.0",
        "recipe": {
            "repo": "github.com/symfony/recipes",
            "branch": "master",
            "version": "4.0",
            "ref": "e65a105bf4cd5b1b79012ba029954927f05922e8"
        }
    },
    "smart-core/accelerator-cache-bundle": {
        "version": "1.3.0"
    },
    "symfony/asset": {
        "version": "v4.0.2"
    },
    "symfony/console": {
        "version": "3.3",
        "recipe": {
            "repo": "github.com/symfony/recipes",
            "branch": "master",
            "version": "3.3",
            "ref": "9f94d3ea453cd8a3b95db7f82592d7344fe3a76a"
        }
    },
    "symfony/dotenv": {
        "version": "v4.0.2"
    },
    "symfony/flex": {
        "version": "1.0",
        "recipe": {
            "repo": "github.com/symfony/recipes",
            "branch": "master",
            "version": "1.0",
            "ref": "cc1afd81841db36fbef982fe56b48ade6716fac4"
        }
    },
    "symfony/framework-bundle": {
        "version": "3.3",
        "recipe": {
            "repo": "github.com/symfony/recipes",
            "branch": "master",
            "version": "3.3",
            "ref": "18f6fdceb63737d991efbb37ae9619a6f6c978c8"
        }
    },
    "symfony/lts": {
        "version": "4-dev"
    },
    "symfony/monolog-bundle": {
        "version": "3.1",
        "recipe": {
            "repo": "github.com/symfony/recipes",
            "branch": "master",
            "version": "3.1",
            "ref": "c24944bd87dacf0bb8fa218dc21e4a70fff56882"
        }
    },
    "symfony/polyfill-apcu": {
        "version": "v1.7.0"
    },
    "symfony/polyfill-intl-icu": {
        "version": "v1.7.0"
    },
    "symfony/polyfill-mbstring": {
        "version": "v1.6.0"
    },
    "symfony/polyfill-php72": {
        "version": "v1.6.0"
    },
    "symfony/security-bundle": {
        "version": "3.3",
        "recipe": {
            "repo": "github.com/symfony/recipes",
            "branch": "master",
            "version": "3.3",
            "ref": "03f21d01e3f41a095a43e0e7b2f7fbd9dbd33cf8"
        }
    },
    "symfony/symfony": {
        "version": "v3.4.4"
    },
    "symfony/twig-bridge": {
        "version": "v4.0.2"
    },
    "symfony/twig-bundle": {
        "version": "3.3",
        "recipe": {
            "repo": "github.com/symfony/recipes",
            "branch": "master",
            "version": "3.3",
            "ref": "f75ac166398e107796ca94cc57fa1edaa06ec47f"
        }
    },
    "symfony/web-server-bundle": {
        "version": "3.3",
        "recipe": {
            "repo": "github.com/symfony/recipes",
            "branch": "master",
            "version": "3.3",
            "ref": "c72d107d077f1654428edaed69415d0228c1aefe"
        }
    },
    "symfony/yaml": {
        "version": "v4.0.2"
    },
    "twig/twig": {
        "version": "v2.4.4"
    },
    "uvinum/zipcodevalidator": {
        "version": "1.0"
    },
    "webmozart/assert": {
        "version": "1.2.0"
    }
}
